// !$*UTF8*$!
{
	archiveVersion = 1;
	classes = {
	};
	objectVersion = 46;
	objects = {

/* Begin PBXBuildFile section */
		551636211E6A7F33004D41AA /* AppDelegate.swift in Sources */ = {isa = PBXBuildFile; fileRef = 551636191E6A7F33004D41AA /* AppDelegate.swift */; };
		551636221E6A7F33004D41AA /* Assets.xcassets in Resources */ = {isa = PBXBuildFile; fileRef = 5516361A1E6A7F33004D41AA /* Assets.xcassets */; };
		551636231E6A7F33004D41AA /* LaunchScreen.storyboard in Resources */ = {isa = PBXBuildFile; fileRef = 5516361B1E6A7F33004D41AA /* LaunchScreen.storyboard */; };
		551636241E6A7F33004D41AA /* Main.storyboard in Resources */ = {isa = PBXBuildFile; fileRef = 5516361D1E6A7F33004D41AA /* Main.storyboard */; };
		551636261E6A7F33004D41AA /* ViewController.swift in Sources */ = {isa = PBXBuildFile; fileRef = 551636201E6A7F33004D41AA /* ViewController.swift */; };
		55EC36381E6BB0BB00726F13 /* Zephyr.h in Headers */ = {isa = PBXBuildFile; fileRef = 55EC36361E6BB0BB00726F13 /* Zephyr.h */; settings = {ATTRIBUTES = (Public, ); }; };
		55EC363B1E6BB0BB00726F13 /* Zephyr.framework in Frameworks */ = {isa = PBXBuildFile; fileRef = 55EC36341E6BB0BB00726F13 /* Zephyr.framework */; };
		55EC363C1E6BB0BB00726F13 /* Zephyr.framework in Embed Frameworks */ = {isa = PBXBuildFile; fileRef = 55EC36341E6BB0BB00726F13 /* Zephyr.framework */; settings = {ATTRIBUTES = (CodeSignOnCopy, RemoveHeadersOnCopy, ); }; };
		55EC36411E6BB0C400726F13 /* Zephyr.swift in Sources */ = {isa = PBXBuildFile; fileRef = 55EC36401E6BB0C400726F13 /* Zephyr.swift */; };
/* End PBXBuildFile section */

/* Begin PBXContainerItemProxy section */
		55EC36391E6BB0BB00726F13 /* PBXContainerItemProxy */ = {
			isa = PBXContainerItemProxy;
			containerPortal = 8E5ACC651E21881B00FF1FA3 /* Project object */;
			proxyType = 1;
			remoteGlobalIDString = 55EC36331E6BB0BB00726F13;
			remoteInfo = Zephyr;
		};
/* End PBXContainerItemProxy section */

/* Begin PBXCopyFilesBuildPhase section */
		8E5ACC931E21882600FF1FA3 /* Embed Frameworks */ = {
			isa = PBXCopyFilesBuildPhase;
			buildActionMask = 2147483647;
			dstPath = "";
			dstSubfolderSpec = 10;
			files = (
				55EC363C1E6BB0BB00726F13 /* Zephyr.framework in Embed Frameworks */,
			);
			name = "Embed Frameworks";
			runOnlyForDeploymentPostprocessing = 0;
		};
/* End PBXCopyFilesBuildPhase section */

/* Begin PBXFileReference section */
		551636191E6A7F33004D41AA /* AppDelegate.swift */ = {isa = PBXFileReference; fileEncoding = 4; lastKnownFileType = sourcecode.swift; path = AppDelegate.swift; sourceTree = "<group>"; };
		5516361A1E6A7F33004D41AA /* Assets.xcassets */ = {isa = PBXFileReference; lastKnownFileType = folder.assetcatalog; path = Assets.xcassets; sourceTree = "<group>"; };
		5516361C1E6A7F33004D41AA /* Base */ = {isa = PBXFileReference; lastKnownFileType = file.storyboard; name = Base; path = Base.lproj/LaunchScreen.storyboard; sourceTree = "<group>"; };
		5516361E1E6A7F33004D41AA /* Base */ = {isa = PBXFileReference; lastKnownFileType = file.storyboard; name = Base; path = Base.lproj/Main.storyboard; sourceTree = "<group>"; };
		5516361F1E6A7F33004D41AA /* Info.plist */ = {isa = PBXFileReference; fileEncoding = 4; lastKnownFileType = text.plist.xml; path = Info.plist; sourceTree = "<group>"; };
		551636201E6A7F33004D41AA /* ViewController.swift */ = {isa = PBXFileReference; fileEncoding = 4; lastKnownFileType = sourcecode.swift; path = ViewController.swift; sourceTree = "<group>"; };
		55EC36341E6BB0BB00726F13 /* Zephyr.framework */ = {isa = PBXFileReference; explicitFileType = wrapper.framework; includeInIndex = 0; path = Zephyr.framework; sourceTree = BUILT_PRODUCTS_DIR; };
		55EC36361E6BB0BB00726F13 /* Zephyr.h */ = {isa = PBXFileReference; lastKnownFileType = sourcecode.c.h; path = Zephyr.h; sourceTree = "<group>"; };
		55EC36371E6BB0BB00726F13 /* Info.plist */ = {isa = PBXFileReference; lastKnownFileType = text.plist.xml; path = Info.plist; sourceTree = "<group>"; };
		55EC36401E6BB0C400726F13 /* Zephyr.swift */ = {isa = PBXFileReference; fileEncoding = 4; lastKnownFileType = sourcecode.swift; name = Zephyr.swift; path = ../../Sources/Zephyr.swift; sourceTree = "<group>"; };
		8E5ACC6D1E21881B00FF1FA3 /* ZephyrExample.app */ = {isa = PBXFileReference; explicitFileType = wrapper.application; includeInIndex = 0; path = ZephyrExample.app; sourceTree = BUILT_PRODUCTS_DIR; };
/* End PBXFileReference section */

/* Begin PBXFrameworksBuildPhase section */
		55EC36301E6BB0BB00726F13 /* Frameworks */ = {
			isa = PBXFrameworksBuildPhase;
			buildActionMask = 2147483647;
			files = (
			);
			runOnlyForDeploymentPostprocessing = 0;
		};
		8E5ACC6A1E21881B00FF1FA3 /* Frameworks */ = {
			isa = PBXFrameworksBuildPhase;
			buildActionMask = 2147483647;
			files = (
				55EC363B1E6BB0BB00726F13 /* Zephyr.framework in Frameworks */,
			);
			runOnlyForDeploymentPostprocessing = 0;
		};
/* End PBXFrameworksBuildPhase section */

/* Begin PBXGroup section */
		551636181E6A7F33004D41AA /* ZephyrExample */ = {
			isa = PBXGroup;
			children = (
				551636191E6A7F33004D41AA /* AppDelegate.swift */,
				5516361A1E6A7F33004D41AA /* Assets.xcassets */,
				5516361B1E6A7F33004D41AA /* LaunchScreen.storyboard */,
				5516361D1E6A7F33004D41AA /* Main.storyboard */,
				5516361F1E6A7F33004D41AA /* Info.plist */,
				551636201E6A7F33004D41AA /* ViewController.swift */,
			);
			path = ZephyrExample;
			sourceTree = "<group>";
		};
		55EC36351E6BB0BB00726F13 /* Zephyr */ = {
			isa = PBXGroup;
			children = (
				55EC36401E6BB0C400726F13 /* Zephyr.swift */,
				55EC36361E6BB0BB00726F13 /* Zephyr.h */,
				55EC36371E6BB0BB00726F13 /* Info.plist */,
			);
			path = Zephyr;
			sourceTree = "<group>";
		};
		8E5ACC641E21881B00FF1FA3 = {
			isa = PBXGroup;
			children = (
				551636181E6A7F33004D41AA /* ZephyrExample */,
				55EC36351E6BB0BB00726F13 /* Zephyr */,
				8E5ACC6E1E21881B00FF1FA3 /* Products */,
			);
			sourceTree = "<group>";
		};
		8E5ACC6E1E21881B00FF1FA3 /* Products */ = {
			isa = PBXGroup;
			children = (
				8E5ACC6D1E21881B00FF1FA3 /* ZephyrExample.app */,
				55EC36341E6BB0BB00726F13 /* Zephyr.framework */,
			);
			name = Products;
			sourceTree = "<group>";
		};
/* End PBXGroup section */

/* Begin PBXHeadersBuildPhase section */
		55EC36311E6BB0BB00726F13 /* Headers */ = {
			isa = PBXHeadersBuildPhase;
			buildActionMask = 2147483647;
			files = (
				55EC36381E6BB0BB00726F13 /* Zephyr.h in Headers */,
			);
			runOnlyForDeploymentPostprocessing = 0;
		};
/* End PBXHeadersBuildPhase section */

/* Begin PBXNativeTarget section */
		55EC36331E6BB0BB00726F13 /* Zephyr */ = {
			isa = PBXNativeTarget;
			buildConfigurationList = 55EC363F1E6BB0BB00726F13 /* Build configuration list for PBXNativeTarget "Zephyr" */;
			buildPhases = (
				55EC362F1E6BB0BB00726F13 /* Sources */,
				55EC36301E6BB0BB00726F13 /* Frameworks */,
				55EC36311E6BB0BB00726F13 /* Headers */,
				55EC36321E6BB0BB00726F13 /* Resources */,
			);
			buildRules = (
			);
			dependencies = (
			);
			name = Zephyr;
			productName = Zephyr;
			productReference = 55EC36341E6BB0BB00726F13 /* Zephyr.framework */;
			productType = "com.apple.product-type.framework";
		};
		8E5ACC6C1E21881B00FF1FA3 /* ZephyrExample */ = {
			isa = PBXNativeTarget;
			buildConfigurationList = 8E5ACC7F1E21881B00FF1FA3 /* Build configuration list for PBXNativeTarget "ZephyrExample" */;
			buildPhases = (
				8E5ACC691E21881B00FF1FA3 /* Sources */,
				8E5ACC6A1E21881B00FF1FA3 /* Frameworks */,
				8E5ACC6B1E21881B00FF1FA3 /* Resources */,
				8E5ACC931E21882600FF1FA3 /* Embed Frameworks */,
				55E37D1C1E6AA2C300B4F092 /* SwiftLint */,
			);
			buildRules = (
			);
			dependencies = (
				55EC363A1E6BB0BB00726F13 /* PBXTargetDependency */,
			);
			name = ZephyrExample;
			productName = "Zephyr Sample App";
			productReference = 8E5ACC6D1E21881B00FF1FA3 /* ZephyrExample.app */;
			productType = "com.apple.product-type.application";
		};
/* End PBXNativeTarget section */

/* Begin PBXProject section */
		8E5ACC651E21881B00FF1FA3 /* Project object */ = {
			isa = PBXProject;
			attributes = {
				LastSwiftUpdateCheck = 0820;
				LastUpgradeCheck = 0930;
				ORGANIZATIONNAME = "Arthur Ariel Sabintsev";
				TargetAttributes = {
					55EC36331E6BB0BB00726F13 = {
						CreatedOnToolsVersion = 8.2.1;
						DevelopmentTeam = HT94948NDD;
						LastSwiftMigration = 1020;
						ProvisioningStyle = Automatic;
					};
					8E5ACC6C1E21881B00FF1FA3 = {
						CreatedOnToolsVersion = 8.2.1;
						DevelopmentTeam = HT94948NDD;
						LastSwiftMigration = 1020;
						ProvisioningStyle = Automatic;
					};
				};
			};
			buildConfigurationList = 8E5ACC681E21881B00FF1FA3 /* Build configuration list for PBXProject "ZephyrExample" */;
			compatibilityVersion = "Xcode 3.2";
			developmentRegion = en;
			hasScannedForEncodings = 0;
			knownRegions = (
				en,
				Base,
			);
			mainGroup = 8E5ACC641E21881B00FF1FA3;
			productRefGroup = 8E5ACC6E1E21881B00FF1FA3 /* Products */;
			projectDirPath = "";
			projectRoot = "";
			targets = (
				8E5ACC6C1E21881B00FF1FA3 /* ZephyrExample */,
				55EC36331E6BB0BB00726F13 /* Zephyr */,
			);
		};
/* End PBXProject section */

/* Begin PBXResourcesBuildPhase section */
		55EC36321E6BB0BB00726F13 /* Resources */ = {
			isa = PBXResourcesBuildPhase;
			buildActionMask = 2147483647;
			files = (
			);
			runOnlyForDeploymentPostprocessing = 0;
		};
		8E5ACC6B1E21881B00FF1FA3 /* Resources */ = {
			isa = PBXResourcesBuildPhase;
			buildActionMask = 2147483647;
			files = (
				551636221E6A7F33004D41AA /* Assets.xcassets in Resources */,
				551636241E6A7F33004D41AA /* Main.storyboard in Resources */,
				551636231E6A7F33004D41AA /* LaunchScreen.storyboard in Resources */,
			);
			runOnlyForDeploymentPostprocessing = 0;
		};
/* End PBXResourcesBuildPhase section */

/* Begin PBXShellScriptBuildPhase section */
		55E37D1C1E6AA2C300B4F092 /* SwiftLint */ = {
			isa = PBXShellScriptBuildPhase;
			buildActionMask = 2147483647;
			files = (
			);
			inputPaths = (
			);
			name = SwiftLint;
			outputPaths = (
			);
			runOnlyForDeploymentPostprocessing = 0;
			shellPath = /bin/sh;
			shellScript = "if which swiftlint >/dev/null; then\nswiftlint lint --config ../.swiftlint.yml\nelse\necho \"warning: SwiftLint not installed, download from https://github.com/realm/SwiftLint\"\nfi";
		};
/* End PBXShellScriptBuildPhase section */

/* Begin PBXSourcesBuildPhase section */
		55EC362F1E6BB0BB00726F13 /* Sources */ = {
			isa = PBXSourcesBuildPhase;
			buildActionMask = 2147483647;
			files = (
				55EC36411E6BB0C400726F13 /* Zephyr.swift in Sources */,
			);
			runOnlyForDeploymentPostprocessing = 0;
		};
		8E5ACC691E21881B00FF1FA3 /* Sources */ = {
			isa = PBXSourcesBuildPhase;
			buildActionMask = 2147483647;
			files = (
				551636211E6A7F33004D41AA /* AppDelegate.swift in Sources */,
				551636261E6A7F33004D41AA /* ViewController.swift in Sources */,
			);
			runOnlyForDeploymentPostprocessing = 0;
		};
/* End PBXSourcesBuildPhase section */

/* Begin PBXTargetDependency section */
		55EC363A1E6BB0BB00726F13 /* PBXTargetDependency */ = {
			isa = PBXTargetDependency;
			target = 55EC36331E6BB0BB00726F13 /* Zephyr */;
			targetProxy = 55EC36391E6BB0BB00726F13 /* PBXContainerItemProxy */;
		};
/* End PBXTargetDependency section */

/* Begin PBXVariantGroup section */
		5516361B1E6A7F33004D41AA /* LaunchScreen.storyboard */ = {
			isa = PBXVariantGroup;
			children = (
				5516361C1E6A7F33004D41AA /* Base */,
			);
			name = LaunchScreen.storyboard;
			sourceTree = "<group>";
		};
		5516361D1E6A7F33004D41AA /* Main.storyboard */ = {
			isa = PBXVariantGroup;
			children = (
				5516361E1E6A7F33004D41AA /* Base */,
			);
			name = Main.storyboard;
			sourceTree = "<group>";
		};
/* End PBXVariantGroup section */

/* Begin XCBuildConfiguration section */
		55EC363D1E6BB0BB00726F13 /* Debug */ = {
			isa = XCBuildConfiguration;
			buildSettings = {
				CLANG_ENABLE_MODULES = YES;
				CODE_SIGN_IDENTITY = "";
				CURRENT_PROJECT_VERSION = 1;
				DEFINES_MODULE = YES;
				DEVELOPMENT_TEAM = HT94948NDD;
				DYLIB_COMPATIBILITY_VERSION = 1;
				DYLIB_CURRENT_VERSION = 1;
				DYLIB_INSTALL_NAME_BASE = "@rpath";
				INFOPLIST_FILE = Zephyr/Info.plist;
				INSTALL_PATH = "$(LOCAL_LIBRARY_DIR)/Frameworks";
				IPHONEOS_DEPLOYMENT_TARGET = 8.0;
				LD_RUNPATH_SEARCH_PATHS = "$(inherited) @executable_path/Frameworks @loader_path/Frameworks";
				PRODUCT_BUNDLE_IDENTIFIER = com.sabintsev.Zephyr;
				PRODUCT_NAME = "$(TARGET_NAME)";
				SKIP_INSTALL = YES;
				SWIFT_OPTIMIZATION_LEVEL = "-Onone";
				SWIFT_VERSION = 5.0;
				VERSIONING_SYSTEM = "apple-generic";
				VERSION_INFO_PREFIX = "";
			};
			name = Debug;
		};
		55EC363E1E6BB0BB00726F13 /* Release */ = {
			isa = XCBuildConfiguration;
			buildSettings = {
				CLANG_ENABLE_MODULES = YES;
				CODE_SIGN_IDENTITY = "";
				CURRENT_PROJECT_VERSION = 1;
				DEFINES_MODULE = YES;
				DEVELOPMENT_TEAM = HT94948NDD;
				DYLIB_COMPATIBILITY_VERSION = 1;
				DYLIB_CURRENT_VERSION = 1;
				DYLIB_INSTALL_NAME_BASE = "@rpath";
				INFOPLIST_FILE = Zephyr/Info.plist;
				INSTALL_PATH = "$(LOCAL_LIBRARY_DIR)/Frameworks";
				IPHONEOS_DEPLOYMENT_TARGET = 8.0;
				LD_RUNPATH_SEARCH_PATHS = "$(inherited) @executable_path/Frameworks @loader_path/Frameworks";
				PRODUCT_BUNDLE_IDENTIFIER = com.sabintsev.Zephyr;
				PRODUCT_NAME = "$(TARGET_NAME)";
				SKIP_INSTALL = YES;
				SWIFT_VERSION = 5.0;
				VERSIONING_SYSTEM = "apple-generic";
				VERSION_INFO_PREFIX = "";
			};
			name = Release;
		};
		8E5ACC7D1E21881B00FF1FA3 /* Debug */ = {
			isa = XCBuildConfiguration;
			buildSettings = {
				ALWAYS_SEARCH_USER_PATHS = NO;
				CLANG_ANALYZER_NONNULL = YES;
				CLANG_CXX_LANGUAGE_STANDARD = "gnu++0x";
				CLANG_CXX_LIBRARY = "libc++";
				CLANG_ENABLE_MODULES = YES;
				CLANG_ENABLE_OBJC_ARC = YES;
				CLANG_WARN_BLOCK_CAPTURE_AUTORELEASING = YES;
				CLANG_WARN_BOOL_CONVERSION = YES;
				CLANG_WARN_COMMA = YES;
				CLANG_WARN_CONSTANT_CONVERSION = YES;
				CLANG_WARN_DEPRECATED_OBJC_IMPLEMENTATIONS = YES;
				CLANG_WARN_DIRECT_OBJC_ISA_USAGE = YES_ERROR;
				CLANG_WARN_DOCUMENTATION_COMMENTS = YES;
				CLANG_WARN_EMPTY_BODY = YES;
				CLANG_WARN_ENUM_CONVERSION = YES;
				CLANG_WARN_INFINITE_RECURSION = YES;
				CLANG_WARN_INT_CONVERSION = YES;
				CLANG_WARN_NON_LITERAL_NULL_CONVERSION = YES;
				CLANG_WARN_OBJC_IMPLICIT_RETAIN_SELF = YES;
				CLANG_WARN_OBJC_LITERAL_CONVERSION = YES;
				CLANG_WARN_OBJC_ROOT_CLASS = YES_ERROR;
				CLANG_WARN_RANGE_LOOP_ANALYSIS = YES;
				CLANG_WARN_STRICT_PROTOTYPES = YES;
				CLANG_WARN_SUSPICIOUS_MOVE = YES;
				CLANG_WARN_UNREACHABLE_CODE = YES;
				CLANG_WARN__DUPLICATE_METHOD_MATCH = YES;
				"CODE_SIGN_IDENTITY[sdk=iphoneos*]" = "iPhone Developer";
				COPY_PHASE_STRIP = NO;
				DEBUG_INFORMATION_FORMAT = dwarf;
				ENABLE_STRICT_OBJC_MSGSEND = YES;
				ENABLE_TESTABILITY = YES;
				GCC_C_LANGUAGE_STANDARD = gnu99;
				GCC_DYNAMIC_NO_PIC = NO;
				GCC_NO_COMMON_BLOCKS = YES;
				GCC_OPTIMIZATION_LEVEL = 0;
				GCC_PREPROCESSOR_DEFINITIONS = (
					"DEBUG=1",
					"$(inherited)",
				);
				GCC_WARN_64_TO_32_BIT_CONVERSION = YES;
				GCC_WARN_ABOUT_RETURN_TYPE = YES_ERROR;
				GCC_WARN_UNDECLARED_SELECTOR = YES;
				GCC_WARN_UNINITIALIZED_AUTOS = YES_AGGRESSIVE;
				GCC_WARN_UNUSED_FUNCTION = YES;
				GCC_WARN_UNUSED_VARIABLE = YES;
				IPHONEOS_DEPLOYMENT_TARGET = 8.0;
				MTL_ENABLE_DEBUG_INFO = YES;
				ONLY_ACTIVE_ARCH = YES;
				SDKROOT = iphoneos;
				SWIFT_ACTIVE_COMPILATION_CONDITIONS = DEBUG;
				SWIFT_OPTIMIZATION_LEVEL = "-Onone";
				SWIFT_VERSION = 4.2;
				TARGETED_DEVICE_FAMILY = "1,2";
			};
			name = Debug;
		};
		8E5ACC7E1E21881B00FF1FA3 /* Release */ = {
			isa = XCBuildConfiguration;
			buildSettings = {
				ALWAYS_SEARCH_USER_PATHS = NO;
				CLANG_ANALYZER_NONNULL = YES;
				CLANG_CXX_LANGUAGE_STANDARD = "gnu++0x";
				CLANG_CXX_LIBRARY = "libc++";
				CLANG_ENABLE_MODULES = YES;
				CLANG_ENABLE_OBJC_ARC = YES;
				CLANG_WARN_BLOCK_CAPTURE_AUTORELEASING = YES;
				CLANG_WARN_BOOL_CONVERSION = YES;
				CLANG_WARN_COMMA = YES;
				CLANG_WARN_CONSTANT_CONVERSION = YES;
				CLANG_WARN_DEPRECATED_OBJC_IMPLEMENTATIONS = YES;
				CLANG_WARN_DIRECT_OBJC_ISA_USAGE = YES_ERROR;
				CLANG_WARN_DOCUMENTATION_COMMENTS = YES;
				CLANG_WARN_EMPTY_BODY = YES;
				CLANG_WARN_ENUM_CONVERSION = YES;
				CLANG_WARN_INFINITE_RECURSION = YES;
				CLANG_WARN_INT_CONVERSION = YES;
				CLANG_WARN_NON_LITERAL_NULL_CONVERSION = YES;
				CLANG_WARN_OBJC_IMPLICIT_RETAIN_SELF = YES;
				CLANG_WARN_OBJC_LITERAL_CONVERSION = YES;
				CLANG_WARN_OBJC_ROOT_CLASS = YES_ERROR;
				CLANG_WARN_RANGE_LOOP_ANALYSIS = YES;
				CLANG_WARN_STRICT_PROTOTYPES = YES;
				CLANG_WARN_SUSPICIOUS_MOVE = YES;
				CLANG_WARN_UNREACHABLE_CODE = YES;
				CLANG_WARN__DUPLICATE_METHOD_MATCH = YES;
				"CODE_SIGN_IDENTITY[sdk=iphoneos*]" = "iPhone Developer";
				COPY_PHASE_STRIP = NO;
				DEBUG_INFORMATION_FORMAT = "dwarf-with-dsym";
				ENABLE_NS_ASSERTIONS = NO;
				ENABLE_STRICT_OBJC_MSGSEND = YES;
				GCC_C_LANGUAGE_STANDARD = gnu99;
				GCC_NO_COMMON_BLOCKS = YES;
				GCC_WARN_64_TO_32_BIT_CONVERSION = YES;
				GCC_WARN_ABOUT_RETURN_TYPE = YES_ERROR;
				GCC_WARN_UNDECLARED_SELECTOR = YES;
				GCC_WARN_UNINITIALIZED_AUTOS = YES_AGGRESSIVE;
				GCC_WARN_UNUSED_FUNCTION = YES;
				GCC_WARN_UNUSED_VARIABLE = YES;
				IPHONEOS_DEPLOYMENT_TARGET = 8.0;
				MTL_ENABLE_DEBUG_INFO = NO;
				SDKROOT = iphoneos;
				SWIFT_OPTIMIZATION_LEVEL = "-Owholemodule";
				SWIFT_VERSION = 4.2;
				TARGETED_DEVICE_FAMILY = "1,2";
				VALIDATE_PRODUCT = YES;
			};
			name = Release;
		};
		8E5ACC801E21881B00FF1FA3 /* Debug */ = {
			isa = XCBuildConfiguration;
			buildSettings = {
				ALWAYS_EMBED_SWIFT_STANDARD_LIBRARIES = YES;
				ASSETCATALOG_COMPILER_APPICON_NAME = AppIcon;
				DEVELOPMENT_TEAM = HT94948NDD;
				INFOPLIST_FILE = "$(SRCROOT)/ZephyrExample/Info.plist";
				LD_RUNPATH_SEARCH_PATHS = "$(inherited) @executable_path/Frameworks";
				PRODUCT_BUNDLE_IDENTIFIER = "com.sabintsev.Zephyr-Sample-App";
				PRODUCT_NAME = "$(TARGET_NAME)";
				SWIFT_VERSION = 5.0;
			};
			name = Debug;
		};
		8E5ACC811E21881B00FF1FA3 /* Release */ = {
			isa = XCBuildConfiguration;
			buildSettings = {
				ALWAYS_EMBED_SWIFT_STANDARD_LIBRARIES = YES;
				ASSETCATALOG_COMPILER_APPICON_NAME = AppIcon;
				DEVELOPMENT_TEAM = HT94948NDD;
				INFOPLIST_FILE = "$(SRCROOT)/ZephyrExample/Info.plist";
				LD_RUNPATH_SEARCH_PATHS = "$(inherited) @executable_path/Frameworks";
				PRODUCT_BUNDLE_IDENTIFIER = "com.sabintsev.Zephyr-Sample-App";
				PRODUCT_NAME = "$(TARGET_NAME)";
				SWIFT_VERSION = 5.0;
			};
			name = Release;
		};
/* End XCBuildConfiguration section */

/* Begin XCConfigurationList section */
		55EC363F1E6BB0BB00726F13 /* Build configuration list for PBXNativeTarget "Zephyr" */ = {
			isa = XCConfigurationList;
			buildConfigurations = (
				55EC363D1E6BB0BB00726F13 /* Debug */,
				55EC363E1E6BB0BB00726F13 /* Release */,
			);
			defaultConfigurationIsVisible = 0;
			defaultConfigurationName = Release;
		};
		8E5ACC681E21881B00FF1FA3 /* Build configuration list for PBXProject "ZephyrExample" */ = {
			isa = XCConfigurationList;
			buildConfigurations = (
				8E5ACC7D1E21881B00FF1FA3 /* Debug */,
				8E5ACC7E1E21881B00FF1FA3 /* Release */,
			);
			defaultConfigurationIsVisible = 0;
			defaultConfigurationName = Release;
		};
		8E5ACC7F1E21881B00FF1FA3 /* Build configuration list for PBXNativeTarget "ZephyrExample" */ = {
			isa = XCConfigurationList;
			buildConfigurations = (
				8E5ACC801E21881B00FF1FA3 /* Debug */,
				8E5ACC811E21881B00FF1FA3 /* Release */,
			);
			defaultConfigurationIsVisible = 0;
			defaultConfigurationName = Release;
		};
/* End XCConfigurationList section */
	};
	rootObject = 8E5ACC651E21881B00FF1FA3 /* Project object */;
}
