// !$*UTF8*$!
{
	archiveVersion = 1;
	classes = {
	};
	objectVersion = 46;
	objects = {

/* Begin PBXBuildFile section */
		551636211E6A7F33004D41AA /* AppDelegate.swift in Sources */ = {isa = PBXBuildFile; fileRef = 551636191E6A7F33004D41AA /* AppDelegate.swift */; };
		551636221E6A7F33004D41AA /* Assets.xcassets in Resources */ = {isa = PBXBuildFile; fileRef = 5516361A1E6A7F33004D41AA /* Assets.xcassets */; };
		551636231E6A7F33004D41AA /* LaunchScreen.storyboard in Resources */ = {isa = PBXBuildFile; fileRef = 5516361B1E6A7F33004D41AA /* LaunchScreen.storyboard */; };
		551636241E6A7F33004D41AA /* Main.storyboard in Resources */ = {isa = PBXBuildFile; fileRef = 5516361D1E6A7F33004D41AA /* Main.storyboard */; };
		551636261E6A7F33004D41AA /* ViewController.swift in Sources */ = {isa = PBXBuildFile; fileRef = 551636201E6A7F33004D41AA /* ViewController.swift */; };
		569814AED09AB706FF6A95A0 /* Pods_ZephyrExample.framework in Frameworks */ = {isa = PBXBuildFile; fileRef = 9B922807BE98BB4F216C7DA3 /* Pods_ZephyrExample.framework */; };
/* End PBXBuildFile section */

/* Begin PBXCopyFilesBuildPhase section */
		8E5ACC931E21882600FF1FA3 /* Embed Frameworks */ = {
			isa = PBXCopyFilesBuildPhase;
			buildActionMask = 2147483647;
			dstPath = "";
			dstSubfolderSpec = 10;
			files = (
			);
			name = "Embed Frameworks";
			runOnlyForDeploymentPostprocessing = 0;
		};
/* End PBXCopyFilesBuildPhase section */

/* Begin PBXFileReference section */
		551636191E6A7F33004D41AA /* AppDelegate.swift */ = {isa = PBXFileReference; fileEncoding = 4; lastKnownFileType = sourcecode.swift; path = AppDelegate.swift; sourceTree = "<group>"; };
		5516361A1E6A7F33004D41AA /* Assets.xcassets */ = {isa = PBXFileReference; lastKnownFileType = folder.assetcatalog; path = Assets.xcassets; sourceTree = "<group>"; };
		5516361C1E6A7F33004D41AA /* Base */ = {isa = PBXFileReference; lastKnownFileType = file.storyboard; name = Base; path = Base.lproj/LaunchScreen.storyboard; sourceTree = "<group>"; };
		5516361E1E6A7F33004D41AA /* Base */ = {isa = PBXFileReference; lastKnownFileType = file.storyboard; name = Base; path = Base.lproj/Main.storyboard; sourceTree = "<group>"; };
		5516361F1E6A7F33004D41AA /* Info.plist */ = {isa = PBXFileReference; fileEncoding = 4; lastKnownFileType = text.plist.xml; path = Info.plist; sourceTree = "<group>"; };
		551636201E6A7F33004D41AA /* ViewController.swift */ = {isa = PBXFileReference; fileEncoding = 4; lastKnownFileType = sourcecode.swift; path = ViewController.swift; sourceTree = "<group>"; };
		823E8DF5837849F72BEB6C63 /* Pods-ZephyrExample.release.xcconfig */ = {isa = PBXFileReference; includeInIndex = 1; lastKnownFileType = text.xcconfig; name = "Pods-ZephyrExample.release.xcconfig"; path = "Pods/Target Support Files/Pods-ZephyrExample/Pods-ZephyrExample.release.xcconfig"; sourceTree = "<group>"; };
		8E5ACC6D1E21881B00FF1FA3 /* ZephyrExample.app */ = {isa = PBXFileReference; explicitFileType = wrapper.application; includeInIndex = 0; path = ZephyrExample.app; sourceTree = BUILT_PRODUCTS_DIR; };
		9B922807BE98BB4F216C7DA3 /* Pods_ZephyrExample.framework */ = {isa = PBXFileReference; explicitFileType = wrapper.framework; includeInIndex = 0; path = Pods_ZephyrExample.framework; sourceTree = BUILT_PRODUCTS_DIR; };
		C3197D1FD2FC8C05FB0C0AF2 /* Pods-ZephyrExample.debug.xcconfig */ = {isa = PBXFileReference; includeInIndex = 1; lastKnownFileType = text.xcconfig; name = "Pods-ZephyrExample.debug.xcconfig"; path = "Pods/Target Support Files/Pods-ZephyrExample/Pods-ZephyrExample.debug.xcconfig"; sourceTree = "<group>"; };
/* End PBXFileReference section */

/* Begin PBXFrameworksBuildPhase section */
		8E5ACC6A1E21881B00FF1FA3 /* Frameworks */ = {
			isa = PBXFrameworksBuildPhase;
			buildActionMask = 2147483647;
			files = (
				569814AED09AB706FF6A95A0 /* Pods_ZephyrExample.framework in Frameworks */,
			);
			runOnlyForDeploymentPostprocessing = 0;
		};
/* End PBXFrameworksBuildPhase section */

/* Begin PBXGroup section */
		03DCD48C0354A343B5349F6C /* Pods */ = {
			isa = PBXGroup;
			children = (
				C3197D1FD2FC8C05FB0C0AF2 /* Pods-ZephyrExample.debug.xcconfig */,
				823E8DF5837849F72BEB6C63 /* Pods-ZephyrExample.release.xcconfig */,
			);
			name = Pods;
			sourceTree = "<group>";
		};
		1B03844382619831962D378A /* Frameworks */ = {
			isa = PBXGroup;
			children = (
				9B922807BE98BB4F216C7DA3 /* Pods_ZephyrExample.framework */,
			);
			name = Frameworks;
			sourceTree = "<group>";
		};
		551636181E6A7F33004D41AA /* ZephyrExample */ = {
			isa = PBXGroup;
			children = (
				551636191E6A7F33004D41AA /* AppDelegate.swift */,
				5516361A1E6A7F33004D41AA /* Assets.xcassets */,
				5516361B1E6A7F33004D41AA /* LaunchScreen.storyboard */,
				5516361D1E6A7F33004D41AA /* Main.storyboard */,
				5516361F1E6A7F33004D41AA /* Info.plist */,
				551636201E6A7F33004D41AA /* ViewController.swift */,
			);
			path = ZephyrExample;
			sourceTree = "<group>";
		};
		8E5ACC641E21881B00FF1FA3 = {
			isa = PBXGroup;
			children = (
				551636181E6A7F33004D41AA /* ZephyrExample */,
				8E5ACC6E1E21881B00FF1FA3 /* Products */,
				03DCD48C0354A343B5349F6C /* Pods */,
				1B03844382619831962D378A /* Frameworks */,
			);
			sourceTree = "<group>";
		};
		8E5ACC6E1E21881B00FF1FA3 /* Products */ = {
			isa = PBXGroup;
			children = (
				8E5ACC6D1E21881B00FF1FA3 /* ZephyrExample.app */,
			);
			name = Products;
			sourceTree = "<group>";
		};
/* End PBXGroup section */

/* Begin PBXNativeTarget section */
		8E5ACC6C1E21881B00FF1FA3 /* ZephyrExample */ = {
			isa = PBXNativeTarget;
			buildConfigurationList = 8E5ACC7F1E21881B00FF1FA3 /* Build configuration list for PBXNativeTarget "ZephyrExample" */;
			buildPhases = (
				5AC64B40A946063407FF6C6D /* [CP] Check Pods Manifest.lock */,
				8E5ACC691E21881B00FF1FA3 /* Sources */,
				8E5ACC6A1E21881B00FF1FA3 /* Frameworks */,
				8E5ACC6B1E21881B00FF1FA3 /* Resources */,
				8E5ACC931E21882600FF1FA3 /* Embed Frameworks */,
				6564D4E520F1F553B01BF248 /* [CP] Embed Pods Frameworks */,
				A4A2D785EF449CC7D4507231 /* [CP] Copy Pods Resources */,
				55E37D1C1E6AA2C300B4F092 /* SwiftLint */,
			);
			buildRules = (
			);
			dependencies = (
			);
			name = ZephyrExample;
			productName = "Zephyr Sample App";
			productReference = 8E5ACC6D1E21881B00FF1FA3 /* ZephyrExample.app */;
			productType = "com.apple.product-type.application";
		};
/* End PBXNativeTarget section */

/* Begin PBXProject section */
		8E5ACC651E21881B00FF1FA3 /* Project object */ = {
			isa = PBXProject;
			attributes = {
				LastSwiftUpdateCheck = 0820;
				LastUpgradeCheck = 0820;
				ORGANIZATIONNAME = "Arthur Ariel Sabintsev";
				TargetAttributes = {
					8E5ACC6C1E21881B00FF1FA3 = {
						CreatedOnToolsVersion = 8.2.1;
						DevelopmentTeam = HT94948NDD;
						ProvisioningStyle = Automatic;
					};
				};
			};
			buildConfigurationList = 8E5ACC681E21881B00FF1FA3 /* Build configuration list for PBXProject "ZephyrExample" */;
			compatibilityVersion = "Xcode 3.2";
			developmentRegion = English;
			hasScannedForEncodings = 0;
			knownRegions = (
				en,
				Base,
			);
			mainGroup = 8E5ACC641E21881B00FF1FA3;
			productRefGroup = 8E5ACC6E1E21881B00FF1FA3 /* Products */;
			projectDirPath = "";
			projectRoot = "";
			targets = (
				8E5ACC6C1E21881B00FF1FA3 /* ZephyrExample */,
			);
		};
/* End PBXProject section */

/* Begin PBXResourcesBuildPhase section */
		8E5ACC6B1E21881B00FF1FA3 /* Resources */ = {
			isa = PBXResourcesBuildPhase;
			buildActionMask = 2147483647;
			files = (
				551636221E6A7F33004D41AA /* Assets.xcassets in Resources */,
				551636241E6A7F33004D41AA /* Main.storyboard in Resources */,
				551636231E6A7F33004D41AA /* LaunchScreen.storyboard in Resources */,
			);
			runOnlyForDeploymentPostprocessing = 0;
		};
/* End PBXResourcesBuildPhase section */

/* Begin PBXShellScriptBuildPhase section */
		55E37D1C1E6AA2C300B4F092 /* SwiftLint */ = {
			isa = PBXShellScriptBuildPhase;
			buildActionMask = 2147483647;
			files = (
			);
			inputPaths = (
			);
			name = SwiftLint;
			outputPaths = (
			);
			runOnlyForDeploymentPostprocessing = 0;
			shellPath = /bin/sh;
			shellScript = "if which swiftlint >/dev/null; then\nswiftlint lint --config ../.swiftlint.yml\nelse\necho \"warning: SwiftLint not installed, download from https://github.com/realm/SwiftLint\"\nfi";
		};
		5AC64B40A946063407FF6C6D /* [CP] Check Pods Manifest.lock */ = {
			isa = PBXShellScriptBuildPhase;
			buildActionMask = 2147483647;
			files = (
			);
			inputPaths = (
			);
			name = "[CP] Check Pods Manifest.lock";
			outputPaths = (
			);
			runOnlyForDeploymentPostprocessing = 0;
			shellPath = /bin/sh;
			shellScript = "diff \"${PODS_ROOT}/../Podfile.lock\" \"${PODS_ROOT}/Manifest.lock\" > /dev/null\nif [ $? != 0 ] ; then\n    # print error to STDERR\n    echo \"error: The sandbox is not in sync with the Podfile.lock. Run 'pod install' or update your CocoaPods installation.\" >&2\n    exit 1\nfi\n";
			showEnvVarsInLog = 0;
		};
		6564D4E520F1F553B01BF248 /* [CP] Embed Pods Frameworks */ = {
			isa = PBXShellScriptBuildPhase;
			buildActionMask = 2147483647;
			files = (
			);
			inputPaths = (
			);
			name = "[CP] Embed Pods Frameworks";
			outputPaths = (
			);
			runOnlyForDeploymentPostprocessing = 0;
			shellPath = /bin/sh;
			shellScript = "\"${SRCROOT}/Pods/Target Support Files/Pods-ZephyrExample/Pods-ZephyrExample-frameworks.sh\"\n";
			showEnvVarsInLog = 0;
		};
		A4A2D785EF449CC7D4507231 /* [CP] Copy Pods Resources */ = {
			isa = PBXShellScriptBuildPhase;
			buildActionMask = 2147483647;
			files = (
			);
			inputPaths = (
			);
			name = "[CP] Copy Pods Resources";
			outputPaths = (
			);
			runOnlyForDeploymentPostprocessing = 0;
			shellPath = /bin/sh;
			shellScript = "\"${SRCROOT}/Pods/Target Support Files/Pods-ZephyrExample/Pods-ZephyrExample-resources.sh\"\n";
			showEnvVarsInLog = 0;
		};
/* End PBXShellScriptBuildPhase section */

/* Begin PBXSourcesBuildPhase section */
		8E5ACC691E21881B00FF1FA3 /* Sources */ = {
			isa = PBXSourcesBuildPhase;
			buildActionMask = 2147483647;
			files = (
				551636211E6A7F33004D41AA /* AppDelegate.swift in Sources */,
				551636261E6A7F33004D41AA /* ViewController.swift in Sources */,
			);
			runOnlyForDeploymentPostprocessing = 0;
		};
/* End PBXSourcesBuildPhase section */

/* Begin PBXVariantGroup section */
		5516361B1E6A7F33004D41AA /* LaunchScreen.storyboard */ = {
			isa = PBXVariantGroup;
			children = (
				5516361C1E6A7F33004D41AA /* Base */,
			);
			name = LaunchScreen.storyboard;
			sourceTree = "<group>";
		};
		5516361D1E6A7F33004D41AA /* Main.storyboard */ = {
			isa = PBXVariantGroup;
			children = (
				5516361E1E6A7F33004D41AA /* Base */,
			);
			name = Main.storyboard;
			sourceTree = "<group>";
		};
/* End PBXVariantGroup section */

/* Begin XCBuildConfiguration section */
		8E5ACC7D1E21881B00FF1FA3 /* Debug */ = {
			isa = XCBuildConfiguration;
			buildSettings = {
				ALWAYS_SEARCH_USER_PATHS = NO;
				CLANG_ANALYZER_NONNULL = YES;
				CLANG_CXX_LANGUAGE_STANDARD = "gnu++0x";
				CLANG_CXX_LIBRARY = "libc++";
				CLANG_ENABLE_MODULES = YES;
				CLANG_ENABLE_OBJC_ARC = YES;
				CLANG_WARN_BOOL_CONVERSION = YES;
				CLANG_WARN_CONSTANT_CONVERSION = YES;
				CLANG_WARN_DIRECT_OBJC_ISA_USAGE = YES_ERROR;
				CLANG_WARN_DOCUMENTATION_COMMENTS = YES;
				CLANG_WARN_EMPTY_BODY = YES;
				CLANG_WARN_ENUM_CONVERSION = YES;
				CLANG_WARN_INFINITE_RECURSION = YES;
				CLANG_WARN_INT_CONVERSION = YES;
				CLANG_WARN_OBJC_ROOT_CLASS = YES_ERROR;
				CLANG_WARN_SUSPICIOUS_MOVE = YES;
				CLANG_WARN_UNREACHABLE_CODE = YES;
				CLANG_WARN__DUPLICATE_METHOD_MATCH = YES;
				"CODE_SIGN_IDENTITY[sdk=iphoneos*]" = "iPhone Developer";
				COPY_PHASE_STRIP = NO;
				DEBUG_INFORMATION_FORMAT = dwarf;
				ENABLE_STRICT_OBJC_MSGSEND = YES;
				ENABLE_TESTABILITY = YES;
				GCC_C_LANGUAGE_STANDARD = gnu99;
				GCC_DYNAMIC_NO_PIC = NO;
				GCC_NO_COMMON_BLOCKS = YES;
				GCC_OPTIMIZATION_LEVEL = 0;
				GCC_PREPROCESSOR_DEFINITIONS = (
					"DEBUG=1",
					"$(inherited)",
				);
				GCC_WARN_64_TO_32_BIT_CONVERSION = YES;
				GCC_WARN_ABOUT_RETURN_TYPE = YES_ERROR;
				GCC_WARN_UNDECLARED_SELECTOR = YES;
				GCC_WARN_UNINITIALIZED_AUTOS = YES_AGGRESSIVE;
				GCC_WARN_UNUSED_FUNCTION = YES;
				GCC_WARN_UNUSED_VARIABLE = YES;
				IPHONEOS_DEPLOYMENT_TARGET = 8.0;
				MTL_ENABLE_DEBUG_INFO = YES;
				ONLY_ACTIVE_ARCH = YES;
				SDKROOT = iphoneos;
				SWIFT_ACTIVE_COMPILATION_CONDITIONS = DEBUG;
				SWIFT_OPTIMIZATION_LEVEL = "-Onone";
				TARGETED_DEVICE_FAMILY = "1,2";
			};
			name = Debug;
		};
		8E5ACC7E1E21881B00FF1FA3 /* Release */ = {
			isa = XCBuildConfiguration;
			buildSettings = {
				ALWAYS_SEARCH_USER_PATHS = NO;
				CLANG_ANALYZER_NONNULL = YES;
				CLANG_CXX_LANGUAGE_STANDARD = "gnu++0x";
				CLANG_CXX_LIBRARY = "libc++";
				CLANG_ENABLE_MODULES = YES;
				CLANG_ENABLE_OBJC_ARC = YES;
				CLANG_WARN_BOOL_CONVERSION = YES;
				CLANG_WARN_CONSTANT_CONVERSION = YES;
				CLANG_WARN_DIRECT_OBJC_ISA_USAGE = YES_ERROR;
				CLANG_WARN_DOCUMENTATION_COMMENTS = YES;
				CLANG_WARN_EMPTY_BODY = YES;
				CLANG_WARN_ENUM_CONVERSION = YES;
				CLANG_WARN_INFINITE_RECURSION = YES;
				CLANG_WARN_INT_CONVERSION = YES;
				CLANG_WARN_OBJC_ROOT_CLASS = YES_ERROR;
				CLANG_WARN_SUSPICIOUS_MOVE = YES;
				CLANG_WARN_UNREACHABLE_CODE = YES;
				CLANG_WARN__DUPLICATE_METHOD_MATCH = YES;
				"CODE_SIGN_IDENTITY[sdk=iphoneos*]" = "iPhone Developer";
				COPY_PHASE_STRIP = NO;
				DEBUG_INFORMATION_FORMAT = "dwarf-with-dsym";
				ENABLE_NS_ASSERTIONS = NO;
				ENABLE_STRICT_OBJC_MSGSEND = YES;
				GCC_C_LANGUAGE_STANDARD = gnu99;
				GCC_NO_COMMON_BLOCKS = YES;
				GCC_WARN_64_TO_32_BIT_CONVERSION = YES;
				GCC_WARN_ABOUT_RETURN_TYPE = YES_ERROR;
				GCC_WARN_UNDECLARED_SELECTOR = YES;
				GCC_WARN_UNINITIALIZED_AUTOS = YES_AGGRESSIVE;
				GCC_WARN_UNUSED_FUNCTION = YES;
				GCC_WARN_UNUSED_VARIABLE = YES;
				IPHONEOS_DEPLOYMENT_TARGET = 8.0;
				MTL_ENABLE_DEBUG_INFO = NO;
				SDKROOT = iphoneos;
				SWIFT_OPTIMIZATION_LEVEL = "-Owholemodule";
				TARGETED_DEVICE_FAMILY = "1,2";
				VALIDATE_PRODUCT = YES;
			};
			name = Release;
		};
		8E5ACC801E21881B00FF1FA3 /* Debug */ = {
			isa = XCBuildConfiguration;
			baseConfigurationReference = C3197D1FD2FC8C05FB0C0AF2 /* Pods-ZephyrExample.debug.xcconfig */;
			buildSettings = {
				ALWAYS_EMBED_SWIFT_STANDARD_LIBRARIES = YES;
				ASSETCATALOG_COMPILER_APPICON_NAME = AppIcon;
				DEVELOPMENT_TEAM = HT94948NDD;
				INFOPLIST_FILE = "$(SRCROOT)/ZephyrExample/Info.plist";
				LD_RUNPATH_SEARCH_PATHS = "$(inherited) @executable_path/Frameworks";
				PRODUCT_BUNDLE_IDENTIFIER = "com.sabintsev.Zephyr-Sample-App";
				PRODUCT_NAME = "$(TARGET_NAME)";
				SWIFT_VERSION = 3.0;
			};
			name = Debug;
		};
		8E5ACC811E21881B00FF1FA3 /* Release */ = {
			isa = XCBuildConfiguration;
			baseConfigurationReference = 823E8DF5837849F72BEB6C63 /* Pods-ZephyrExample.release.xcconfig */;
			buildSettings = {
				ALWAYS_EMBED_SWIFT_STANDARD_LIBRARIES = YES;
				ASSETCATALOG_COMPILER_APPICON_NAME = AppIcon;
				DEVELOPMENT_TEAM = HT94948NDD;
				INFOPLIST_FILE = "$(SRCROOT)/ZephyrExample/Info.plist";
				LD_RUNPATH_SEARCH_PATHS = "$(inherited) @executable_path/Frameworks";
				PRODUCT_BUNDLE_IDENTIFIER = "com.sabintsev.Zephyr-Sample-App";
				PRODUCT_NAME = "$(TARGET_NAME)";
				SWIFT_VERSION = 3.0;
			};
			name = Release;
		};
/* End XCBuildConfiguration section */

/* Begin XCConfigurationList section */
		8E5ACC681E21881B00FF1FA3 /* Build configuration list for PBXProject "ZephyrExample" */ = {
			isa = XCConfigurationList;
			buildConfigurations = (
				8E5ACC7D1E21881B00FF1FA3 /* Debug */,
				8E5ACC7E1E21881B00FF1FA3 /* Release */,
			);
			defaultConfigurationIsVisible = 0;
			defaultConfigurationName = Release;
		};
		8E5ACC7F1E21881B00FF1FA3 /* Build configuration list for PBXNativeTarget "ZephyrExample" */ = {
			isa = XCConfigurationList;
			buildConfigurations = (
				8E5ACC801E21881B00FF1FA3 /* Debug */,
				8E5ACC811E21881B00FF1FA3 /* Release */,
			);
			defaultConfigurationIsVisible = 0;
			defaultConfigurationName = Release;
		};
/* End XCConfigurationList section */
	};
	rootObject = 8E5ACC651E21881B00FF1FA3 /* Project object */;
}
