// !$*UTF8*$!
{
	archiveVersion = 1;
	classes = {
	};
	objectVersion = 46;
	objects = {

/* Begin PBXBuildFile section */
		5506976C1C684C9C008C5BAF /* AppDelegate.swift in Sources */ = {isa = PBXBuildFile; fileRef = 5506976B1C684C9C008C5BAF /* AppDelegate.swift */; };
		5506976E1C684C9C008C5BAF /* MasterViewController.swift in Sources */ = {isa = PBXBuildFile; fileRef = 5506976D1C684C9C008C5BAF /* MasterViewController.swift */; };
		550697701C684C9C008C5BAF /* DetailViewController.swift in Sources */ = {isa = PBXBuildFile; fileRef = 5506976F1C684C9C008C5BAF /* DetailViewController.swift */; };
		550697731C684C9C008C5BAF /* Main.storyboard in Resources */ = {isa = PBXBuildFile; fileRef = 550697711C684C9C008C5BAF /* Main.storyboard */; };
		550697751C684C9C008C5BAF /* Assets.xcassets in Resources */ = {isa = PBXBuildFile; fileRef = 550697741C684C9C008C5BAF /* Assets.xcassets */; };
		550697781C684C9C008C5BAF /* LaunchScreen.storyboard in Resources */ = {isa = PBXBuildFile; fileRef = 550697761C684C9C008C5BAF /* LaunchScreen.storyboard */; };
		550697891C684CB9008C5BAF /* Zephyr.h in Headers */ = {isa = PBXBuildFile; fileRef = 550697881C684CB9008C5BAF /* Zephyr.h */; settings = {ATTRIBUTES = (Public, ); }; };
		5506978D1C684CB9008C5BAF /* Zephyr.framework in Frameworks */ = {isa = PBXBuildFile; fileRef = 550697861C684CB9008C5BAF /* Zephyr.framework */; };
		5506978E1C684CB9008C5BAF /* Zephyr.framework in Embed Frameworks */ = {isa = PBXBuildFile; fileRef = 550697861C684CB9008C5BAF /* Zephyr.framework */; settings = {ATTRIBUTES = (CodeSignOnCopy, RemoveHeadersOnCopy, ); }; };
		550697931C684CBF008C5BAF /* Zephyr.swift in Sources */ = {isa = PBXBuildFile; fileRef = 5506977F1C684CB1008C5BAF /* Zephyr.swift */; };
/* End PBXBuildFile section */

/* Begin PBXContainerItemProxy section */
		5506978B1C684CB9008C5BAF /* PBXContainerItemProxy */ = {
			isa = PBXContainerItemProxy;
			containerPortal = 550697601C684C9C008C5BAF /* Project object */;
			proxyType = 1;
			remoteGlobalIDString = 550697851C684CB9008C5BAF;
			remoteInfo = Zephyr;
		};
/* End PBXContainerItemProxy section */

/* Begin PBXCopyFilesBuildPhase section */
		550697921C684CBA008C5BAF /* Embed Frameworks */ = {
			isa = PBXCopyFilesBuildPhase;
			buildActionMask = 2147483647;
			dstPath = "";
			dstSubfolderSpec = 10;
			files = (
				5506978E1C684CB9008C5BAF /* Zephyr.framework in Embed Frameworks */,
			);
			name = "Embed Frameworks";
			runOnlyForDeploymentPostprocessing = 0;
		};
/* End PBXCopyFilesBuildPhase section */

/* Begin PBXFileReference section */
		550697681C684C9C008C5BAF /* Sample App.app */ = {isa = PBXFileReference; explicitFileType = wrapper.application; includeInIndex = 0; path = "Sample App.app"; sourceTree = BUILT_PRODUCTS_DIR; };
		5506976B1C684C9C008C5BAF /* AppDelegate.swift */ = {isa = PBXFileReference; lastKnownFileType = sourcecode.swift; path = AppDelegate.swift; sourceTree = "<group>"; };
		5506976D1C684C9C008C5BAF /* MasterViewController.swift */ = {isa = PBXFileReference; lastKnownFileType = sourcecode.swift; path = MasterViewController.swift; sourceTree = "<group>"; };
		5506976F1C684C9C008C5BAF /* DetailViewController.swift */ = {isa = PBXFileReference; lastKnownFileType = sourcecode.swift; path = DetailViewController.swift; sourceTree = "<group>"; };
		550697721C684C9C008C5BAF /* Base */ = {isa = PBXFileReference; lastKnownFileType = file.storyboard; name = Base; path = Base.lproj/Main.storyboard; sourceTree = "<group>"; };
		550697741C684C9C008C5BAF /* Assets.xcassets */ = {isa = PBXFileReference; lastKnownFileType = folder.assetcatalog; path = Assets.xcassets; sourceTree = "<group>"; };
		550697771C684C9C008C5BAF /* Base */ = {isa = PBXFileReference; lastKnownFileType = file.storyboard; name = Base; path = Base.lproj/LaunchScreen.storyboard; sourceTree = "<group>"; };
		550697791C684C9C008C5BAF /* Info.plist */ = {isa = PBXFileReference; lastKnownFileType = text.plist.xml; path = Info.plist; sourceTree = "<group>"; };
		5506977F1C684CB1008C5BAF /* Zephyr.swift */ = {isa = PBXFileReference; fileEncoding = 4; lastKnownFileType = sourcecode.swift; name = Zephyr.swift; path = ../../Zephyr.swift; sourceTree = "<group>"; };
		550697861C684CB9008C5BAF /* Zephyr.framework */ = {isa = PBXFileReference; explicitFileType = wrapper.framework; includeInIndex = 0; path = Zephyr.framework; sourceTree = BUILT_PRODUCTS_DIR; };
		550697881C684CB9008C5BAF /* Zephyr.h */ = {isa = PBXFileReference; lastKnownFileType = sourcecode.c.h; path = Zephyr.h; sourceTree = "<group>"; };
		5506978A1C684CB9008C5BAF /* Info.plist */ = {isa = PBXFileReference; lastKnownFileType = text.plist.xml; path = Info.plist; sourceTree = "<group>"; };
/* End PBXFileReference section */

/* Begin PBXFrameworksBuildPhase section */
		550697651C684C9C008C5BAF /* Frameworks */ = {
			isa = PBXFrameworksBuildPhase;
			buildActionMask = 2147483647;
			files = (
				5506978D1C684CB9008C5BAF /* Zephyr.framework in Frameworks */,
			);
			runOnlyForDeploymentPostprocessing = 0;
		};
		550697821C684CB9008C5BAF /* Frameworks */ = {
			isa = PBXFrameworksBuildPhase;
			buildActionMask = 2147483647;
			files = (
			);
			runOnlyForDeploymentPostprocessing = 0;
		};
/* End PBXFrameworksBuildPhase section */

/* Begin PBXGroup section */
		5506975F1C684C9C008C5BAF = {
			isa = PBXGroup;
			children = (
				5506976A1C684C9C008C5BAF /* Sample App */,
				550697871C684CB9008C5BAF /* Zephyr */,
				550697691C684C9C008C5BAF /* Products */,
			);
			sourceTree = "<group>";
		};
		550697691C684C9C008C5BAF /* Products */ = {
			isa = PBXGroup;
			children = (
				550697681C684C9C008C5BAF /* Sample App.app */,
				550697861C684CB9008C5BAF /* Zephyr.framework */,
			);
			name = Products;
			sourceTree = "<group>";
		};
		5506976A1C684C9C008C5BAF /* Sample App */ = {
			isa = PBXGroup;
			children = (
				5506976B1C684C9C008C5BAF /* AppDelegate.swift */,
				5506976D1C684C9C008C5BAF /* MasterViewController.swift */,
				5506976F1C684C9C008C5BAF /* DetailViewController.swift */,
				550697711C684C9C008C5BAF /* Main.storyboard */,
				550697741C684C9C008C5BAF /* Assets.xcassets */,
				550697761C684C9C008C5BAF /* LaunchScreen.storyboard */,
				550697791C684C9C008C5BAF /* Info.plist */,
			);
			path = "Sample App";
			sourceTree = "<group>";
		};
		550697871C684CB9008C5BAF /* Zephyr */ = {
			isa = PBXGroup;
			children = (
				5506977F1C684CB1008C5BAF /* Zephyr.swift */,
				550697881C684CB9008C5BAF /* Zephyr.h */,
				5506978A1C684CB9008C5BAF /* Info.plist */,
			);
			path = Zephyr;
			sourceTree = "<group>";
		};
/* End PBXGroup section */

/* Begin PBXHeadersBuildPhase section */
		550697831C684CB9008C5BAF /* Headers */ = {
			isa = PBXHeadersBuildPhase;
			buildActionMask = 2147483647;
			files = (
				550697891C684CB9008C5BAF /* Zephyr.h in Headers */,
			);
			runOnlyForDeploymentPostprocessing = 0;
		};
/* End PBXHeadersBuildPhase section */

/* Begin PBXNativeTarget section */
		550697671C684C9C008C5BAF /* Sample App */ = {
			isa = PBXNativeTarget;
			buildConfigurationList = 5506977C1C684C9C008C5BAF /* Build configuration list for PBXNativeTarget "Sample App" */;
			buildPhases = (
				550697641C684C9C008C5BAF /* Sources */,
				550697651C684C9C008C5BAF /* Frameworks */,
				550697661C684C9C008C5BAF /* Resources */,
				550697921C684CBA008C5BAF /* Embed Frameworks */,
			);
			buildRules = (
			);
			dependencies = (
				5506978C1C684CB9008C5BAF /* PBXTargetDependency */,
			);
			name = "Sample App";
			productName = "Sample App";
			productReference = 550697681C684C9C008C5BAF /* Sample App.app */;
			productType = "com.apple.product-type.application";
		};
		550697851C684CB9008C5BAF /* Zephyr */ = {
			isa = PBXNativeTarget;
			buildConfigurationList = 5506978F1C684CBA008C5BAF /* Build configuration list for PBXNativeTarget "Zephyr" */;
			buildPhases = (
				550697811C684CB9008C5BAF /* Sources */,
				550697821C684CB9008C5BAF /* Frameworks */,
				550697831C684CB9008C5BAF /* Headers */,
				550697841C684CB9008C5BAF /* Resources */,
			);
			buildRules = (
			);
			dependencies = (
			);
			name = Zephyr;
			productName = Zephyr;
			productReference = 550697861C684CB9008C5BAF /* Zephyr.framework */;
			productType = "com.apple.product-type.framework";
		};
/* End PBXNativeTarget section */

/* Begin PBXProject section */
		550697601C684C9C008C5BAF /* Project object */ = {
			isa = PBXProject;
			attributes = {
				LastSwiftUpdateCheck = 0720;
				LastUpgradeCheck = 0720;
				ORGANIZATIONNAME = "Sabintsev Mobile Projects";
				TargetAttributes = {
					550697671C684C9C008C5BAF = {
						CreatedOnToolsVersion = 7.2.1;
					};
					550697851C684CB9008C5BAF = {
						CreatedOnToolsVersion = 7.2.1;
					};
				};
			};
			buildConfigurationList = 550697631C684C9C008C5BAF /* Build configuration list for PBXProject "Sample App" */;
			compatibilityVersion = "Xcode 3.2";
			developmentRegion = English;
			hasScannedForEncodings = 0;
			knownRegions = (
				en,
				Base,
			);
			mainGroup = 5506975F1C684C9C008C5BAF;
			productRefGroup = 550697691C684C9C008C5BAF /* Products */;
			projectDirPath = "";
			projectRoot = "";
			targets = (
				550697671C684C9C008C5BAF /* Sample App */,
				550697851C684CB9008C5BAF /* Zephyr */,
			);
		};
/* End PBXProject section */

/* Begin PBXResourcesBuildPhase section */
		550697661C684C9C008C5BAF /* Resources */ = {
			isa = PBXResourcesBuildPhase;
			buildActionMask = 2147483647;
			files = (
				550697781C684C9C008C5BAF /* LaunchScreen.storyboard in Resources */,
				550697751C684C9C008C5BAF /* Assets.xcassets in Resources */,
				550697731C684C9C008C5BAF /* Main.storyboard in Resources */,
			);
			runOnlyForDeploymentPostprocessing = 0;
		};
		550697841C684CB9008C5BAF /* Resources */ = {
			isa = PBXResourcesBuildPhase;
			buildActionMask = 2147483647;
			files = (
			);
			runOnlyForDeploymentPostprocessing = 0;
		};
/* End PBXResourcesBuildPhase section */

/* Begin PBXSourcesBuildPhase section */
		550697641C684C9C008C5BAF /* Sources */ = {
			isa = PBXSourcesBuildPhase;
			buildActionMask = 2147483647;
			files = (
				550697701C684C9C008C5BAF /* DetailViewController.swift in Sources */,
				5506976E1C684C9C008C5BAF /* MasterViewController.swift in Sources */,
				5506976C1C684C9C008C5BAF /* AppDelegate.swift in Sources */,
			);
			runOnlyForDeploymentPostprocessing = 0;
		};
		550697811C684CB9008C5BAF /* Sources */ = {
			isa = PBXSourcesBuildPhase;
			buildActionMask = 2147483647;
			files = (
				550697931C684CBF008C5BAF /* Zephyr.swift in Sources */,
			);
			runOnlyForDeploymentPostprocessing = 0;
		};
/* End PBXSourcesBuildPhase section */

/* Begin PBXTargetDependency section */
		5506978C1C684CB9008C5BAF /* PBXTargetDependency */ = {
			isa = PBXTargetDependency;
			target = 550697851C684CB9008C5BAF /* Zephyr */;
			targetProxy = 5506978B1C684CB9008C5BAF /* PBXContainerItemProxy */;
		};
/* End PBXTargetDependency section */

/* Begin PBXVariantGroup section */
		550697711C684C9C008C5BAF /* Main.storyboard */ = {
			isa = PBXVariantGroup;
			children = (
				550697721C684C9C008C5BAF /* Base */,
			);
			name = Main.storyboard;
			sourceTree = "<group>";
		};
		550697761C684C9C008C5BAF /* LaunchScreen.storyboard */ = {
			isa = PBXVariantGroup;
			children = (
				550697771C684C9C008C5BAF /* Base */,
			);
			name = LaunchScreen.storyboard;
			sourceTree = "<group>";
		};
/* End PBXVariantGroup section */

/* Begin XCBuildConfiguration section */
		5506977A1C684C9C008C5BAF /* Debug */ = {
			isa = XCBuildConfiguration;
			buildSettings = {
				ALWAYS_SEARCH_USER_PATHS = NO;
				CLANG_CXX_LANGUAGE_STANDARD = "gnu++0x";
				CLANG_CXX_LIBRARY = "libc++";
				CLANG_ENABLE_MODULES = YES;
				CLANG_ENABLE_OBJC_ARC = YES;
				CLANG_WARN_BOOL_CONVERSION = YES;
				CLANG_WARN_CONSTANT_CONVERSION = YES;
				CLANG_WARN_DIRECT_OBJC_ISA_USAGE = YES_ERROR;
				CLANG_WARN_EMPTY_BODY = YES;
				CLANG_WARN_ENUM_CONVERSION = YES;
				CLANG_WARN_INT_CONVERSION = YES;
				CLANG_WARN_OBJC_ROOT_CLASS = YES_ERROR;
				CLANG_WARN_UNREACHABLE_CODE = YES;
				CLANG_WARN__DUPLICATE_METHOD_MATCH = YES;
				"CODE_SIGN_IDENTITY[sdk=iphoneos*]" = "iPhone Developer";
				COPY_PHASE_STRIP = NO;
				DEBUG_INFORMATION_FORMAT = dwarf;
				ENABLE_STRICT_OBJC_MSGSEND = YES;
				ENABLE_TESTABILITY = YES;
				GCC_C_LANGUAGE_STANDARD = gnu99;
				GCC_DYNAMIC_NO_PIC = NO;
				GCC_NO_COMMON_BLOCKS = YES;
				GCC_OPTIMIZATION_LEVEL = 0;
				GCC_PREPROCESSOR_DEFINITIONS = (
					"DEBUG=1",
					"$(inherited)",
				);
				GCC_WARN_64_TO_32_BIT_CONVERSION = YES;
				GCC_WARN_ABOUT_RETURN_TYPE = YES_ERROR;
				GCC_WARN_UNDECLARED_SELECTOR = YES;
				GCC_WARN_UNINITIALIZED_AUTOS = YES_AGGRESSIVE;
				GCC_WARN_UNUSED_FUNCTION = YES;
				GCC_WARN_UNUSED_VARIABLE = YES;
				IPHONEOS_DEPLOYMENT_TARGET = 9.2;
				MTL_ENABLE_DEBUG_INFO = YES;
				ONLY_ACTIVE_ARCH = YES;
				SDKROOT = iphoneos;
				SWIFT_OPTIMIZATION_LEVEL = "-Onone";
			};
			name = Debug;
		};
		5506977B1C684C9C008C5BAF /* Release */ = {
			isa = XCBuildConfiguration;
			buildSettings = {
				ALWAYS_SEARCH_USER_PATHS = NO;
				CLANG_CXX_LANGUAGE_STANDARD = "gnu++0x";
				CLANG_CXX_LIBRARY = "libc++";
				CLANG_ENABLE_MODULES = YES;
				CLANG_ENABLE_OBJC_ARC = YES;
				CLANG_WARN_BOOL_CONVERSION = YES;
				CLANG_WARN_CONSTANT_CONVERSION = YES;
				CLANG_WARN_DIRECT_OBJC_ISA_USAGE = YES_ERROR;
				CLANG_WARN_EMPTY_BODY = YES;
				CLANG_WARN_ENUM_CONVERSION = YES;
				CLANG_WARN_INT_CONVERSION = YES;
				CLANG_WARN_OBJC_ROOT_CLASS = YES_ERROR;
				CLANG_WARN_UNREACHABLE_CODE = YES;
				CLANG_WARN__DUPLICATE_METHOD_MATCH = YES;
				"CODE_SIGN_IDENTITY[sdk=iphoneos*]" = "iPhone Developer";
				COPY_PHASE_STRIP = NO;
				DEBUG_INFORMATION_FORMAT = "dwarf-with-dsym";
				ENABLE_NS_ASSERTIONS = NO;
				ENABLE_STRICT_OBJC_MSGSEND = YES;
				GCC_C_LANGUAGE_STANDARD = gnu99;
				GCC_NO_COMMON_BLOCKS = YES;
				GCC_WARN_64_TO_32_BIT_CONVERSION = YES;
				GCC_WARN_ABOUT_RETURN_TYPE = YES_ERROR;
				GCC_WARN_UNDECLARED_SELECTOR = YES;
				GCC_WARN_UNINITIALIZED_AUTOS = YES_AGGRESSIVE;
				GCC_WARN_UNUSED_FUNCTION = YES;
				GCC_WARN_UNUSED_VARIABLE = YES;
				IPHONEOS_DEPLOYMENT_TARGET = 9.2;
				MTL_ENABLE_DEBUG_INFO = NO;
				SDKROOT = iphoneos;
				VALIDATE_PRODUCT = YES;
			};
			name = Release;
		};
		5506977D1C684C9C008C5BAF /* Debug */ = {
			isa = XCBuildConfiguration;
			buildSettings = {
				ASSETCATALOG_COMPILER_APPICON_NAME = AppIcon;
				EMBEDDED_CONTENT_CONTAINS_SWIFT = YES;
				INFOPLIST_FILE = "Sample App/Info.plist";
				LD_RUNPATH_SEARCH_PATHS = "$(inherited) @executable_path/Frameworks";
				PRODUCT_BUNDLE_IDENTIFIER = "com.Sabintsev.Sample-App";
				PRODUCT_NAME = "$(TARGET_NAME)";
			};
			name = Debug;
		};
		5506977E1C684C9C008C5BAF /* Release */ = {
			isa = XCBuildConfiguration;
			buildSettings = {
				ASSETCATALOG_COMPILER_APPICON_NAME = AppIcon;
				EMBEDDED_CONTENT_CONTAINS_SWIFT = YES;
				INFOPLIST_FILE = "Sample App/Info.plist";
				LD_RUNPATH_SEARCH_PATHS = "$(inherited) @executable_path/Frameworks";
				PRODUCT_BUNDLE_IDENTIFIER = "com.Sabintsev.Sample-App";
				PRODUCT_NAME = "$(TARGET_NAME)";
			};
			name = Release;
		};
		550697901C684CBA008C5BAF /* Debug */ = {
			isa = XCBuildConfiguration;
			buildSettings = {
				CURRENT_PROJECT_VERSION = 1;
				DEFINES_MODULE = YES;
				DYLIB_COMPATIBILITY_VERSION = 1;
				DYLIB_CURRENT_VERSION = 1;
				DYLIB_INSTALL_NAME_BASE = "@rpath";
				INFOPLIST_FILE = Zephyr/Info.plist;
				INSTALL_PATH = "$(LOCAL_LIBRARY_DIR)/Frameworks";
				LD_RUNPATH_SEARCH_PATHS = "$(inherited) @executable_path/Frameworks @loader_path/Frameworks";
				PRODUCT_BUNDLE_IDENTIFIER = com.Sabintsev.Zephyr;
				PRODUCT_NAME = "$(TARGET_NAME)";
				SKIP_INSTALL = YES;
				TARGETED_DEVICE_FAMILY = "1,2";
				VERSIONING_SYSTEM = "apple-generic";
				VERSION_INFO_PREFIX = "";
			};
			name = Debug;
		};
		550697911C684CBA008C5BAF /* Release */ = {
			isa = XCBuildConfiguration;
			buildSettings = {
				CURRENT_PROJECT_VERSION = 1;
				DEFINES_MODULE = YES;
				DYLIB_COMPATIBILITY_VERSION = 1;
				DYLIB_CURRENT_VERSION = 1;
				DYLIB_INSTALL_NAME_BASE = "@rpath";
				INFOPLIST_FILE = Zephyr/Info.plist;
				INSTALL_PATH = "$(LOCAL_LIBRARY_DIR)/Frameworks";
				LD_RUNPATH_SEARCH_PATHS = "$(inherited) @executable_path/Frameworks @loader_path/Frameworks";
				PRODUCT_BUNDLE_IDENTIFIER = com.Sabintsev.Zephyr;
				PRODUCT_NAME = "$(TARGET_NAME)";
				SKIP_INSTALL = YES;
				TARGETED_DEVICE_FAMILY = "1,2";
				VERSIONING_SYSTEM = "apple-generic";
				VERSION_INFO_PREFIX = "";
			};
			name = Release;
		};
/* End XCBuildConfiguration section */

/* Begin XCConfigurationList section */
		550697631C684C9C008C5BAF /* Build configuration list for PBXProject "Sample App" */ = {
			isa = XCConfigurationList;
			buildConfigurations = (
				5506977A1C684C9C008C5BAF /* Debug */,
				5506977B1C684C9C008C5BAF /* Release */,
			);
			defaultConfigurationIsVisible = 0;
			defaultConfigurationName = Release;
		};
		5506977C1C684C9C008C5BAF /* Build configuration list for PBXNativeTarget "Sample App" */ = {
			isa = XCConfigurationList;
			buildConfigurations = (
				5506977D1C684C9C008C5BAF /* Debug */,
				5506977E1C684C9C008C5BAF /* Release */,
			);
			defaultConfigurationIsVisible = 0;
		};
		5506978F1C684CBA008C5BAF /* Build configuration list for PBXNativeTarget "Zephyr" */ = {
			isa = XCConfigurationList;
			buildConfigurations = (
				550697901C684CBA008C5BAF /* Debug */,
				550697911C684CBA008C5BAF /* Release */,
			);
			defaultConfigurationIsVisible = 0;
		};
/* End XCConfigurationList section */
	};
	rootObject = 550697601C684C9C008C5BAF /* Project object */;
}
